
Microsoft Visual Studio Solution File, Format Version 12.00
# Visual Studio 15
VisualStudioVersion = 15.0.27703.2026
MinimumVisualStudioVersion = 10.0.40219.1
Project("{FAE04EC0-301F-11D3-BF4B-00C04F79EFBC}") = "expo-server-sdk-csharp", "expo-server-sdk-csharp\expo-server-sdk-csharp.csproj", "{3D15FC18-0486-4035-8BDD-391C1DB72452}"
EndProject
Global
	GlobalSection(SolutionConfigurationPlatforms) = preSolution
		Debug|Any CPU = Debug|Any CPU
		Release|Any CPU = Release|Any CPU
	EndGlobalSection
	GlobalSection(ProjectConfigurationPlatforms) = postSolution
		{3D15FC18-0486-4035-8BDD-391C1DB72452}.Debug|Any CPU.ActiveCfg = Debug|Any CPU
		{3D15FC18-0486-4035-8BDD-391C1DB72452}.Debug|Any CPU.Build.0 = Debug|Any CPU
		{3D15FC18-0486-4035-8BDD-391C1DB72452}.Release|Any CPU.ActiveCfg = Release|Any CPU
		{3D15FC18-0486-4035-8BDD-391C1DB72452}.Release|Any CPU.Build.0 = Release|Any CPU
	EndGlobalSection
	GlobalSection(SolutionProperties) = preSolution
		HideSolutionNode = FALSE
	EndGlobalSection
	GlobalSection(ExtensibilityGlobals) = postSolution
		SolutionGuid = {40F6F83A-FACC-4117-808D-70A255D72317}
	EndGlobalSection
EndGlobal
